PODS:
  - Alamofire (4.8.2)
  - MBProgressHUD (1.1.0)

DEPENDENCIES:
  - Alamofire
  - MBProgressHUD

SPEC REPOS:
  https://github.com/cocoapods/specs.git:
    - Alamofire
    - MBProgressHUD

SPEC CHECKSUMS:
  Alamofire: ae5c501addb7afdbb13687d7f2f722c78734c2d3
  MBProgressHUD: e7baa36a220447d8aeb12769bf0585582f3866d9

PODFILE CHECKSUM: 4606a24d8c88bda66b3157eef2693a08c99b6a8e

COCOAPODS: 1.6.1
